// !$*UTF8*$!
{
	archiveVersion = 1;
	classes = {
	};
	objectVersion = 46;
	objects = {

/* Begin PBXBuildFile section */
		687FABAE169F090F0031C25B /* UIKit.framework in Frameworks */ = {isa = PBXBuildFile; fileRef = 687FABAD169F090F0031C25B /* UIKit.framework */; };
		687FABB0169F090F0031C25B /* Foundation.framework in Frameworks */ = {isa = PBXBuildFile; fileRef = 687FABAF169F090F0031C25B /* Foundation.framework */; };
		687FABB2169F090F0031C25B /* CoreGraphics.framework in Frameworks */ = {isa = PBXBuildFile; fileRef = 687FABB1169F090F0031C25B /* CoreGraphics.framework */; };
		687FABB8169F090F0031C25B /* InfoPlist.strings in Resources */ = {isa = PBXBuildFile; fileRef = 687FABB6169F090F0031C25B /* InfoPlist.strings */; };
		687FABBA169F090F0031C25B /* main.m in Sources */ = {isa = PBXBuildFile; fileRef = 687FABB9169F090F0031C25B /* main.m */; };
		687FABBE169F090F0031C25B /* AppDelegate.m in Sources */ = {isa = PBXBuildFile; fileRef = 687FABBD169F090F0031C25B /* AppDelegate.m */; };
		687FABC0169F090F0031C25B /* Default.png in Resources */ = {isa = PBXBuildFile; fileRef = 687FABBF169F090F0031C25B /* Default.png */; };
		687FABC2169F090F0031C25B /* Default@2x.png in Resources */ = {isa = PBXBuildFile; fileRef = 687FABC1169F090F0031C25B /* Default@2x.png */; };
		687FABC4169F090F0031C25B /* Default-568h@2x.png in Resources */ = {isa = PBXBuildFile; fileRef = 687FABC3169F090F0031C25B /* Default-568h@2x.png */; };
		687FABD0169F09320031C25B /* MapViewController.m in Sources */ = {isa = PBXBuildFile; fileRef = 687FABCF169F09320031C25B /* MapViewController.m */; };
		687FABD3169F0A1F0031C25B /* CoreLocation.framework in Frameworks */ = {isa = PBXBuildFile; fileRef = 687FABD2169F0A1F0031C25B /* CoreLocation.framework */; };
		68BCCE4816A1D4CA00C369C1 /* Icon@2x~iPhone.png in Resources */ = {isa = PBXBuildFile; fileRef = 68BCCE4716A1D4CA00C369C1 /* Icon@2x~iPhone.png */; };
		68BCCE4A16A1D4D000C369C1 /* Icon~iPhone.png in Resources */ = {isa = PBXBuildFile; fileRef = 68BCCE4916A1D4D000C369C1 /* Icon~iPhone.png */; };
		68BCCE4C16A1D4D400C369C1 /* Icon@2x~iPad.png in Resources */ = {isa = PBXBuildFile; fileRef = 68BCCE4B16A1D4D400C369C1 /* Icon@2x~iPad.png */; };
		68BCCE4E16A1D4D900C369C1 /* Icon~iPad.png in Resources */ = {isa = PBXBuildFile; fileRef = 68BCCE4D16A1D4D900C369C1 /* Icon~iPad.png */; };
		68BCCE5316A1D69400C369C1 /* CurrentRouteViewController.m in Sources */ = {isa = PBXBuildFile; fileRef = 68BCCE5216A1D69400C369C1 /* CurrentRouteViewController.m */; };
		68BCCE5616A1D6A700C369C1 /* RoutesViewController.m in Sources */ = {isa = PBXBuildFile; fileRef = 68BCCE5516A1D6A700C369C1 /* RoutesViewController.m */; };
		68D78BA216A203670099E64B /* RouteDetailsViewController.m in Sources */ = {isa = PBXBuildFile; fileRef = 68D78BA116A203670099E64B /* RouteDetailsViewController.m */; };
		68D78BC216A22D9A0099E64B /* list.png in Resources */ = {isa = PBXBuildFile; fileRef = 68D78BBA16A22D9A0099E64B /* list.png */; };
		68D78BC316A22D9A0099E64B /* list@2x.png in Resources */ = {isa = PBXBuildFile; fileRef = 68D78BBB16A22D9A0099E64B /* list@2x.png */; };
		68D78BC416A22D9A0099E64B /* location.png in Resources */ = {isa = PBXBuildFile; fileRef = 68D78BBC16A22D9A0099E64B /* location.png */; };
		68D78BC516A22D9A0099E64B /* location@2x.png in Resources */ = {isa = PBXBuildFile; fileRef = 68D78BBD16A22D9A0099E64B /* location@2x.png */; };
		68D78BC616A22D9A0099E64B /* map.png in Resources */ = {isa = PBXBuildFile; fileRef = 68D78BBE16A22D9A0099E64B /* map.png */; };
		68D78BC716A22D9A0099E64B /* map@2x.png in Resources */ = {isa = PBXBuildFile; fileRef = 68D78BBF16A22D9A0099E64B /* map@2x.png */; };
		68D78BC816A22D9A0099E64B /* stats.png in Resources */ = {isa = PBXBuildFile; fileRef = 68D78BC016A22D9A0099E64B /* stats.png */; };
		68D78BC916A22D9A0099E64B /* stats@2x.png in Resources */ = {isa = PBXBuildFile; fileRef = 68D78BC116A22D9A0099E64B /* stats@2x.png */; };
		68D78BCC16A22E4D0099E64B /* StatsViewController.m in Sources */ = {isa = PBXBuildFile; fileRef = 68D78BCB16A22E4D0099E64B /* StatsViewController.m */; };
		68F5C75B169FC1040083170C /* Route.m in Sources */ = {isa = PBXBuildFile; fileRef = 68F5C75A169FC1040083170C /* Route.m */; };
		68F5C75E169FC6BC0083170C /* MapKit.framework in Frameworks */ = {isa = PBXBuildFile; fileRef = 68F5C75D169FC6BC0083170C /* MapKit.framework */; };
/* End PBXBuildFile section */

/* Begin PBXFileReference section */
		682BC6AB16A268730070FBEA /* constants.h */ = {isa = PBXFileReference; lastKnownFileType = sourcecode.c.h; path = constants.h; sourceTree = "<group>"; };
		687FABA9169F090F0031C25B /* RouteMasterPro.app */ = {isa = PBXFileReference; explicitFileType = wrapper.application; includeInIndex = 0; path = RouteMasterPro.app; sourceTree = BUILT_PRODUCTS_DIR; };
		687FABAD169F090F0031C25B /* UIKit.framework */ = {isa = PBXFileReference; lastKnownFileType = wrapper.framework; name = UIKit.framework; path = System/Library/Frameworks/UIKit.framework; sourceTree = SDKROOT; };
		687FABAF169F090F0031C25B /* Foundation.framework */ = {isa = PBXFileReference; lastKnownFileType = wrapper.framework; name = Foundation.framework; path = System/Library/Frameworks/Foundation.framework; sourceTree = SDKROOT; };
		687FABB1169F090F0031C25B /* CoreGraphics.framework */ = {isa = PBXFileReference; lastKnownFileType = wrapper.framework; name = CoreGraphics.framework; path = System/Library/Frameworks/CoreGraphics.framework; sourceTree = SDKROOT; };
		687FABB5169F090F0031C25B /* RouteMasterPro-Info.plist */ = {isa = PBXFileReference; lastKnownFileType = text.plist.xml; path = "RouteMasterPro-Info.plist"; sourceTree = "<group>"; };
		687FABB7169F090F0031C25B /* en */ = {isa = PBXFileReference; lastKnownFileType = text.plist.strings; name = en; path = en.lproj/InfoPlist.strings; sourceTree = "<group>"; };
		687FABB9169F090F0031C25B /* main.m */ = {isa = PBXFileReference; lastKnownFileType = sourcecode.c.objc; path = main.m; sourceTree = "<group>"; };
		687FABBB169F090F0031C25B /* RouteMasterPro-Prefix.pch */ = {isa = PBXFileReference; lastKnownFileType = sourcecode.c.h; path = "RouteMasterPro-Prefix.pch"; sourceTree = "<group>"; };
		687FABBC169F090F0031C25B /* AppDelegate.h */ = {isa = PBXFileReference; lastKnownFileType = sourcecode.c.h; path = AppDelegate.h; sourceTree = "<group>"; };
		687FABBD169F090F0031C25B /* AppDelegate.m */ = {isa = PBXFileReference; lastKnownFileType = sourcecode.c.objc; path = AppDelegate.m; sourceTree = "<group>"; };
		687FABBF169F090F0031C25B /* Default.png */ = {isa = PBXFileReference; lastKnownFileType = image.png; path = Default.png; sourceTree = "<group>"; };
		687FABC1169F090F0031C25B /* Default@2x.png */ = {isa = PBXFileReference; lastKnownFileType = image.png; path = "Default@2x.png"; sourceTree = "<group>"; };
		687FABC3169F090F0031C25B /* Default-568h@2x.png */ = {isa = PBXFileReference; lastKnownFileType = image.png; path = "Default-568h@2x.png"; sourceTree = "<group>"; };
		687FABCE169F09320031C25B /* MapViewController.h */ = {isa = PBXFileReference; fileEncoding = 4; lastKnownFileType = sourcecode.c.h; path = MapViewController.h; sourceTree = "<group>"; };
		687FABCF169F09320031C25B /* MapViewController.m */ = {isa = PBXFileReference; fileEncoding = 4; lastKnownFileType = sourcecode.c.objc; path = MapViewController.m; sourceTree = "<group>"; };
		687FABD2169F0A1F0031C25B /* CoreLocation.framework */ = {isa = PBXFileReference; lastKnownFileType = wrapper.framework; name = CoreLocation.framework; path = System/Library/Frameworks/CoreLocation.framework; sourceTree = SDKROOT; };
		68BCCE4716A1D4CA00C369C1 /* Icon@2x~iPhone.png */ = {isa = PBXFileReference; lastKnownFileType = image.png; path = "Icon@2x~iPhone.png"; sourceTree = "<group>"; };
		68BCCE4916A1D4D000C369C1 /* Icon~iPhone.png */ = {isa = PBXFileReference; lastKnownFileType = image.png; path = "Icon~iPhone.png"; sourceTree = "<group>"; };
		68BCCE4B16A1D4D400C369C1 /* Icon@2x~iPad.png */ = {isa = PBXFileReference; lastKnownFileType = image.png; path = "Icon@2x~iPad.png"; sourceTree = "<group>"; };
		68BCCE4D16A1D4D900C369C1 /* Icon~iPad.png */ = {isa = PBXFileReference; lastKnownFileType = image.png; path = "Icon~iPad.png"; sourceTree = "<group>"; };
		68BCCE5116A1D69400C369C1 /* CurrentRouteViewController.h */ = {isa = PBXFileReference; fileEncoding = 4; lastKnownFileType = sourcecode.c.h; path = CurrentRouteViewController.h; sourceTree = "<group>"; };
		68BCCE5216A1D69400C369C1 /* CurrentRouteViewController.m */ = {isa = PBXFileReference; fileEncoding = 4; lastKnownFileType = sourcecode.c.objc; path = CurrentRouteViewController.m; sourceTree = "<group>"; };
		68BCCE5416A1D6A700C369C1 /* RoutesViewController.h */ = {isa = PBXFileReference; fileEncoding = 4; lastKnownFileType = sourcecode.c.h; path = RoutesViewController.h; sourceTree = "<group>"; };
		68BCCE5516A1D6A700C369C1 /* RoutesViewController.m */ = {isa = PBXFileReference; fileEncoding = 4; lastKnownFileType = sourcecode.c.objc; path = RoutesViewController.m; sourceTree = "<group>"; };
		68D78BA016A203670099E64B /* RouteDetailsViewController.h */ = {isa = PBXFileReference; fileEncoding = 4; lastKnownFileType = sourcecode.c.h; path = RouteDetailsViewController.h; sourceTree = "<group>"; };
		68D78BA116A203670099E64B /* RouteDetailsViewController.m */ = {isa = PBXFileReference; fileEncoding = 4; lastKnownFileType = sourcecode.c.objc; path = RouteDetailsViewController.m; sourceTree = "<group>"; };
		68D78BBA16A22D9A0099E64B /* list.png */ = {isa = PBXFileReference; lastKnownFileType = image.png; path = list.png; sourceTree = "<group>"; };
		68D78BBB16A22D9A0099E64B /* list@2x.png */ = {isa = PBXFileReference; lastKnownFileType = image.png; path = "list@2x.png"; sourceTree = "<group>"; };
		68D78BBC16A22D9A0099E64B /* location.png */ = {isa = PBXFileReference; lastKnownFileType = image.png; path = location.png; sourceTree = "<group>"; };
		68D78BBD16A22D9A0099E64B /* location@2x.png */ = {isa = PBXFileReference; lastKnownFileType = image.png; path = "location@2x.png"; sourceTree = "<group>"; };
		68D78BBE16A22D9A0099E64B /* map.png */ = {isa = PBXFileReference; lastKnownFileType = image.png; path = map.png; sourceTree = "<group>"; };
		68D78BBF16A22D9A0099E64B /* map@2x.png */ = {isa = PBXFileReference; lastKnownFileType = image.png; path = "map@2x.png"; sourceTree = "<group>"; };
		68D78BC016A22D9A0099E64B /* stats.png */ = {isa = PBXFileReference; lastKnownFileType = image.png; path = stats.png; sourceTree = "<group>"; };
		68D78BC116A22D9A0099E64B /* stats@2x.png */ = {isa = PBXFileReference; lastKnownFileType = image.png; path = "stats@2x.png"; sourceTree = "<group>"; };
		68D78BCA16A22E4D0099E64B /* StatsViewController.h */ = {isa = PBXFileReference; fileEncoding = 4; lastKnownFileType = sourcecode.c.h; path = StatsViewController.h; sourceTree = "<group>"; };
		68D78BCB16A22E4D0099E64B /* StatsViewController.m */ = {isa = PBXFileReference; fileEncoding = 4; lastKnownFileType = sourcecode.c.objc; path = StatsViewController.m; sourceTree = "<group>"; };
		68F5C759169FC1040083170C /* Route.h */ = {isa = PBXFileReference; fileEncoding = 4; lastKnownFileType = sourcecode.c.h; path = Route.h; sourceTree = "<group>"; };
		68F5C75A169FC1040083170C /* Route.m */ = {isa = PBXFileReference; fileEncoding = 4; lastKnownFileType = sourcecode.c.objc; path = Route.m; sourceTree = "<group>"; };
		68F5C75D169FC6BC0083170C /* MapKit.framework */ = {isa = PBXFileReference; lastKnownFileType = wrapper.framework; name = MapKit.framework; path = System/Library/Frameworks/MapKit.framework; sourceTree = SDKROOT; };
/* End PBXFileReference section */

/* Begin PBXFrameworksBuildPhase section */
		687FABA6169F090F0031C25B /* Frameworks */ = {
			isa = PBXFrameworksBuildPhase;
			buildActionMask = 2147483647;
			files = (
				687FABAE169F090F0031C25B /* UIKit.framework in Frameworks */,
				687FABB0169F090F0031C25B /* Foundation.framework in Frameworks */,
				687FABB2169F090F0031C25B /* CoreGraphics.framework in Frameworks */,
				687FABD3169F0A1F0031C25B /* CoreLocation.framework in Frameworks */,
				68F5C75E169FC6BC0083170C /* MapKit.framework in Frameworks */,
			);
			runOnlyForDeploymentPostprocessing = 0;
		};
/* End PBXFrameworksBuildPhase section */

/* Begin PBXGroup section */
		687FAB9E169F090F0031C25B = {
			isa = PBXGroup;
			children = (
				687FABB3169F090F0031C25B /* RouteMasterPro */,
				68BCCE5016A1D4ED00C369C1 /* Resources */,
				687FABAC169F090F0031C25B /* Frameworks */,
				687FABAA169F090F0031C25B /* Products */,
			);
			sourceTree = "<group>";
		};
		687FABAA169F090F0031C25B /* Products */ = {
			isa = PBXGroup;
			children = (
				687FABA9169F090F0031C25B /* RouteMasterPro.app */,
			);
			name = Products;
			sourceTree = "<group>";
		};
		687FABAC169F090F0031C25B /* Frameworks */ = {
			isa = PBXGroup;
			children = (
				687FABAD169F090F0031C25B /* UIKit.framework */,
				687FABAF169F090F0031C25B /* Foundation.framework */,
				687FABB1169F090F0031C25B /* CoreGraphics.framework */,
				687FABD2169F0A1F0031C25B /* CoreLocation.framework */,
				68F5C75D169FC6BC0083170C /* MapKit.framework */,
			);
			name = Frameworks;
			sourceTree = "<group>";
		};
		687FABB3169F090F0031C25B /* RouteMasterPro */ = {
			isa = PBXGroup;
			children = (
				687FABBC169F090F0031C25B /* AppDelegate.h */,
				687FABBD169F090F0031C25B /* AppDelegate.m */,
				682BC6AB16A268730070FBEA /* constants.h */,
				68BCCE5116A1D69400C369C1 /* CurrentRouteViewController.h */,
				68BCCE5216A1D69400C369C1 /* CurrentRouteViewController.m */,
				687FABCE169F09320031C25B /* MapViewController.h */,
				687FABCF169F09320031C25B /* MapViewController.m */,
				68F5C759169FC1040083170C /* Route.h */,
				68F5C75A169FC1040083170C /* Route.m */,
				68D78BA016A203670099E64B /* RouteDetailsViewController.h */,
				68D78BA116A203670099E64B /* RouteDetailsViewController.m */,
				68BCCE5416A1D6A700C369C1 /* RoutesViewController.h */,
				68BCCE5516A1D6A700C369C1 /* RoutesViewController.m */,
				68D78BCA16A22E4D0099E64B /* StatsViewController.h */,
				68D78BCB16A22E4D0099E64B /* StatsViewController.m */,
				687FABB4169F090F0031C25B /* Supporting Files */,
			);
			path = RouteMasterPro;
			sourceTree = "<group>";
		};
		687FABB4169F090F0031C25B /* Supporting Files */ = {
			isa = PBXGroup;
			children = (
				687FABB5169F090F0031C25B /* RouteMasterPro-Info.plist */,
				687FABB6169F090F0031C25B /* InfoPlist.strings */,
				687FABB9169F090F0031C25B /* main.m */,
				687FABBB169F090F0031C25B /* RouteMasterPro-Prefix.pch */,
				687FABBF169F090F0031C25B /* Default.png */,
				687FABC1169F090F0031C25B /* Default@2x.png */,
				687FABC3169F090F0031C25B /* Default-568h@2x.png */,
			);
			name = "Supporting Files";
			sourceTree = "<group>";
		};
		68BCCE5016A1D4ED00C369C1 /* Resources */ = {
			isa = PBXGroup;
			children = (
				68BCCE4D16A1D4D900C369C1 /* Icon~iPad.png */,
				68BCCE4B16A1D4D400C369C1 /* Icon@2x~iPad.png */,
				68BCCE4916A1D4D000C369C1 /* Icon~iPhone.png */,
				68BCCE4716A1D4CA00C369C1 /* Icon@2x~iPhone.png */,
				68D78BB916A22D9A0099E64B /* icons */,
			);
			name = Resources;
			sourceTree = "<group>";
		};
		68D78BB916A22D9A0099E64B /* icons */ = {
			isa = PBXGroup;
			children = (
				68D78BBA16A22D9A0099E64B /* list.png */,
				68D78BBB16A22D9A0099E64B /* list@2x.png */,
				68D78BBC16A22D9A0099E64B /* location.png */,
				68D78BBD16A22D9A0099E64B /* location@2x.png */,
				68D78BBE16A22D9A0099E64B /* map.png */,
				68D78BBF16A22D9A0099E64B /* map@2x.png */,
				68D78BC016A22D9A0099E64B /* stats.png */,
				68D78BC116A22D9A0099E64B /* stats@2x.png */,
			);
			name = icons;
			path = RouteMasterPro/icons;
			sourceTree = "<group>";
		};
/* End PBXGroup section */

/* Begin PBXNativeTarget section */
		687FABA8169F090F0031C25B /* RouteMasterPro */ = {
			isa = PBXNativeTarget;
			buildConfigurationList = 687FABC7169F090F0031C25B /* Build configuration list for PBXNativeTarget "RouteMasterPro" */;
			buildPhases = (
				687FABA5169F090F0031C25B /* Sources */,
				687FABA6169F090F0031C25B /* Frameworks */,
				687FABA7169F090F0031C25B /* Resources */,
			);
			buildRules = (
			);
			dependencies = (
			);
			name = RouteMasterPro;
			productName = RouteMasterPro;
			productReference = 687FABA9169F090F0031C25B /* RouteMasterPro.app */;
			productType = "com.apple.product-type.application";
		};
/* End PBXNativeTarget section */

/* Begin PBXProject section */
		687FABA0169F090F0031C25B /* Project object */ = {
			isa = PBXProject;
			attributes = {
				LastUpgradeCheck = 0450;
				ORGANIZATIONNAME = "Flush Software LLC";
			};
			buildConfigurationList = 687FABA3169F090F0031C25B /* Build configuration list for PBXProject "RouteMasterPro" */;
			compatibilityVersion = "Xcode 3.2";
			developmentRegion = English;
			hasScannedForEncodings = 0;
			knownRegions = (
				en,
			);
			mainGroup = 687FAB9E169F090F0031C25B;
			productRefGroup = 687FABAA169F090F0031C25B /* Products */;
			projectDirPath = "";
			projectRoot = "";
			targets = (
				687FABA8169F090F0031C25B /* RouteMasterPro */,
			);
		};
/* End PBXProject section */

/* Begin PBXResourcesBuildPhase section */
		687FABA7169F090F0031C25B /* Resources */ = {
			isa = PBXResourcesBuildPhase;
			buildActionMask = 2147483647;
			files = (
				687FABB8169F090F0031C25B /* InfoPlist.strings in Resources */,
				687FABC0169F090F0031C25B /* Default.png in Resources */,
				687FABC2169F090F0031C25B /* Default@2x.png in Resources */,
				687FABC4169F090F0031C25B /* Default-568h@2x.png in Resources */,
				68BCCE4816A1D4CA00C369C1 /* Icon@2x~iPhone.png in Resources */,
				68BCCE4A16A1D4D000C369C1 /* Icon~iPhone.png in Resources */,
				68BCCE4C16A1D4D400C369C1 /* Icon@2x~iPad.png in Resources */,
				68BCCE4E16A1D4D900C369C1 /* Icon~iPad.png in Resources */,
				68D78BC216A22D9A0099E64B /* list.png in Resources */,
				68D78BC316A22D9A0099E64B /* list@2x.png in Resources */,
				68D78BC416A22D9A0099E64B /* location.png in Resources */,
				68D78BC516A22D9A0099E64B /* location@2x.png in Resources */,
				68D78BC616A22D9A0099E64B /* map.png in Resources */,
				68D78BC716A22D9A0099E64B /* map@2x.png in Resources */,
				68D78BC816A22D9A0099E64B /* stats.png in Resources */,
				68D78BC916A22D9A0099E64B /* stats@2x.png in Resources */,
			);
			runOnlyForDeploymentPostprocessing = 0;
		};
/* End PBXResourcesBuildPhase section */

/* Begin PBXSourcesBuildPhase section */
		687FABA5169F090F0031C25B /* Sources */ = {
			isa = PBXSourcesBuildPhase;
			buildActionMask = 2147483647;
			files = (
				687FABBA169F090F0031C25B /* main.m in Sources */,
				687FABBE169F090F0031C25B /* AppDelegate.m in Sources */,
				687FABD0169F09320031C25B /* MapViewController.m in Sources */,
				68F5C75B169FC1040083170C /* Route.m in Sources */,
				68BCCE5316A1D69400C369C1 /* CurrentRouteViewController.m in Sources */,
				68BCCE5616A1D6A700C369C1 /* RoutesViewController.m in Sources */,
				68D78BA216A203670099E64B /* RouteDetailsViewController.m in Sources */,
				68D78BCC16A22E4D0099E64B /* StatsViewController.m in Sources */,
			);
			runOnlyForDeploymentPostprocessing = 0;
		};
/* End PBXSourcesBuildPhase section */

/* Begin PBXVariantGroup section */
		687FABB6169F090F0031C25B /* InfoPlist.strings */ = {
			isa = PBXVariantGroup;
			children = (
				687FABB7169F090F0031C25B /* en */,
			);
			name = InfoPlist.strings;
			sourceTree = "<group>";
		};
/* End PBXVariantGroup section */

/* Begin XCBuildConfiguration section */
		687FABC5169F090F0031C25B /* Debug */ = {
			isa = XCBuildConfiguration;
			buildSettings = {
				ALWAYS_SEARCH_USER_PATHS = NO;
				CLANG_CXX_LANGUAGE_STANDARD = "gnu++0x";
				CLANG_CXX_LIBRARY = "libc++";
				CLANG_WARN_EMPTY_BODY = YES;
				CLANG_WARN__DUPLICATE_METHOD_MATCH = YES;
				"CODE_SIGN_IDENTITY[sdk=iphoneos*]" = "iPhone Developer";
				COPY_PHASE_STRIP = NO;
				GCC_C_LANGUAGE_STANDARD = gnu99;
				GCC_DYNAMIC_NO_PIC = NO;
				GCC_OPTIMIZATION_LEVEL = 0;
				GCC_PREPROCESSOR_DEFINITIONS = (
					"DEBUG=1",
					"$(inherited)",
				);
				GCC_SYMBOLS_PRIVATE_EXTERN = NO;
				GCC_WARN_ABOUT_RETURN_TYPE = YES;
				GCC_WARN_UNINITIALIZED_AUTOS = YES;
				GCC_WARN_UNUSED_VARIABLE = YES;
				IPHONEOS_DEPLOYMENT_TARGET = 6.0;
				ONLY_ACTIVE_ARCH = YES;
				SDKROOT = iphoneos;
				TARGETED_DEVICE_FAMILY = "1,2";
			};
			name = Debug;
		};
		687FABC6169F090F0031C25B /* Release */ = {
			isa = XCBuildConfiguration;
			buildSettings = {
				ALWAYS_SEARCH_USER_PATHS = NO;
				CLANG_CXX_LANGUAGE_STANDARD = "gnu++0x";
				CLANG_CXX_LIBRARY = "libc++";
				CLANG_WARN_EMPTY_BODY = YES;
				CLANG_WARN__DUPLICATE_METHOD_MATCH = YES;
				"CODE_SIGN_IDENTITY[sdk=iphoneos*]" = "iPhone Developer";
				COPY_PHASE_STRIP = YES;
				GCC_C_LANGUAGE_STANDARD = gnu99;
				GCC_WARN_ABOUT_RETURN_TYPE = YES;
				GCC_WARN_UNINITIALIZED_AUTOS = YES;
				GCC_WARN_UNUSED_VARIABLE = YES;
				IPHONEOS_DEPLOYMENT_TARGET = 6.0;
				OTHER_CFLAGS = "-DNS_BLOCK_ASSERTIONS=1";
				SDKROOT = iphoneos;
				TARGETED_DEVICE_FAMILY = "1,2";
				VALIDATE_PRODUCT = YES;
			};
			name = Release;
		};
		687FABC8169F090F0031C25B /* Debug */ = {
			isa = XCBuildConfiguration;
			buildSettings = {
				GCC_PRECOMPILE_PREFIX_HEADER = YES;
				GCC_PREFIX_HEADER = "RouteMasterPro/RouteMasterPro-Prefix.pch";
				INFOPLIST_FILE = "RouteMasterPro/RouteMasterPro-Info.plist";
				IPHONEOS_DEPLOYMENT_TARGET = 6.0;
				PRODUCT_NAME = "$(TARGET_NAME)";
				WRAPPER_EXTENSION = app;
			};
			name = Debug;
		};
		687FABC9169F090F0031C25B /* Release */ = {
			isa = XCBuildConfiguration;
			buildSettings = {
				GCC_PRECOMPILE_PREFIX_HEADER = YES;
				GCC_PREFIX_HEADER = "RouteMasterPro/RouteMasterPro-Prefix.pch";
				INFOPLIST_FILE = "RouteMasterPro/RouteMasterPro-Info.plist";
				IPHONEOS_DEPLOYMENT_TARGET = 6.0;
				PRODUCT_NAME = "$(TARGET_NAME)";
				WRAPPER_EXTENSION = app;
			};
			name = Release;
		};
/* End XCBuildConfiguration section */

/* Begin XCConfigurationList section */
		687FABA3169F090F0031C25B /* Build configuration list for PBXProject "RouteMasterPro" */ = {
			isa = XCConfigurationList;
			buildConfigurations = (
				687FABC5169F090F0031C25B /* Debug */,
				687FABC6169F090F0031C25B /* Release */,
			);
			defaultConfigurationIsVisible = 0;
			defaultConfigurationName = Release;
		};
		687FABC7169F090F0031C25B /* Build configuration list for PBXNativeTarget "RouteMasterPro" */ = {
			isa = XCConfigurationList;
			buildConfigurations = (
				687FABC8169F090F0031C25B /* Debug */,
				687FABC9169F090F0031C25B /* Release */,
			);
			defaultConfigurationIsVisible = 0;
			defaultConfigurationName = Release;
		};
/* End XCConfigurationList section */
	};
	rootObject = 687FABA0169F090F0031C25B /* Project object */;
}
